
Microsoft Visual Studio Solution File, Format Version 12.00
# Visual Studio 14
VisualStudioVersion = 14.0.24720.0
MinimumVisualStudioVersion = 10.0.40219.1
Project("{2150E333-8FDC-42A3-9474-1A3956D46DE8}") = "src", "src", "{0E77837D-C3B2-4588-8F54-57BFA3D0BF02}"
EndProject
Project("{2150E333-8FDC-42A3-9474-1A3956D46DE8}") = "Solution Items", "Solution Items", "{4BE9B121-E2C9-40E3-B00A-E084806F0BBB}"
	ProjectSection(SolutionItems) = preProject
		global.json = global.json
	EndProjectSection
EndProject
Project("{8BB2217D-0F2D-49D1-97BC-3654ED321F3B}") = "Breakpoint-api", "src\Breakpoint-api\Breakpoint-api.xproj", "{AA425981-DC8B-43F2-99A2-3C8D6DA456F6}"
EndProject
Global
	GlobalSection(SolutionConfigurationPlatforms) = preSolution
		Debug|Any CPU = Debug|Any CPU
		Release|Any CPU = Release|Any CPU
	EndGlobalSection
	GlobalSection(ProjectConfigurationPlatforms) = postSolution
		{AA425981-DC8B-43F2-99A2-3C8D6DA456F6}.Debug|Any CPU.ActiveCfg = Debug|Any CPU
		{AA425981-DC8B-43F2-99A2-3C8D6DA456F6}.Debug|Any CPU.Build.0 = Debug|Any CPU
		{AA425981-DC8B-43F2-99A2-3C8D6DA456F6}.Release|Any CPU.ActiveCfg = Release|Any CPU
		{AA425981-DC8B-43F2-99A2-3C8D6DA456F6}.Release|Any CPU.Build.0 = Release|Any CPU
	EndGlobalSection
	GlobalSection(SolutionProperties) = preSolution
		HideSolutionNode = FALSE
	EndGlobalSection
	GlobalSection(NestedProjects) = preSolution
		{AA425981-DC8B-43F2-99A2-3C8D6DA456F6} = {0E77837D-C3B2-4588-8F54-57BFA3D0BF02}
	EndGlobalSection
EndGlobal
